{
  "name": "_another-git-demo",
  "version": "1.0.0",
  "lockfileVersion": 1,
  "requires": true,
  "dependencies": {
    "@ajar/marker": {
      "version": "1.2.3",
      "resolved": "https://registry.npmjs.org/@ajar/marker/-/marker-1.2.3.tgz",
      "integrity": "sha512-h6mjn5v0EtEh+iGwb9NAUwpiusYg7fcqvbGFER5FPTtif8br0uJohKot9qgtRd/nkmM+V4BvYPG0ej2X6pPQyg=="
    }
  }
}
